
Microsoft Visual Studio Solution File, Format Version 12.00
# Visual Studio Version 16
VisualStudioVersion = 16.0.32929.386
MinimumVisualStudioVersion = 10.0.40219.1
Project("{FAE04EC0-301F-11D3-BF4B-00C04F79EFBC}") = "CountryApi", "CountryApi\CountryApi.csproj", "{A2C6DC34-2CAA-48B7-9C21-D3E00F5E2012}"
EndProject
Global
	GlobalSection(SolutionConfigurationPlatforms) = preSolution
		Debug|Any CPU = Debug|Any CPU
		Release|Any CPU = Release|Any CPU
	EndGlobalSection
	GlobalSection(ProjectConfigurationPlatforms) = postSolution
		{A2C6DC34-2CAA-48B7-9C21-D3E00F5E2012}.Debug|Any CPU.ActiveCfg = Debug|Any CPU
		{A2C6DC34-2CAA-48B7-9C21-D3E00F5E2012}.Debug|Any CPU.Build.0 = Debug|Any CPU
		{A2C6DC34-2CAA-48B7-9C21-D3E00F5E2012}.Release|Any CPU.ActiveCfg = Release|Any CPU
		{A2C6DC34-2CAA-48B7-9C21-D3E00F5E2012}.Release|Any CPU.Build.0 = Release|Any CPU
	EndGlobalSection
	GlobalSection(SolutionProperties) = preSolution
		HideSolutionNode = FALSE
	EndGlobalSection
	GlobalSection(ExtensibilityGlobals) = postSolution
		SolutionGuid = {98E644F0-9682-4BB7-9A58-D7188A25400D}
	EndGlobalSection
EndGlobal
